
Microsoft Visual Studio Solution File, Format Version 12.00
# Visual Studio Version 17
VisualStudioVersion = 17.12.35707.178 d17.12
MinimumVisualStudioVersion = 10.0.40219.1
Project("{9A19103F-16F7-4668-BE54-9A1E7A4F7556}") = "YoutubeDownloader", "YoutubeDownloader\YoutubeDownloader.csproj", "{608D9194-0E0C-4E78-83CA-4CF63BD0F978}"
EndProject
Project("{9A19103F-16F7-4668-BE54-9A1E7A4F7556}") = "YoutubeExplode", "Another\YoutubeExplode-master\YoutubeExplode\YoutubeExplode.csproj", "{739B265C-90FF-45C4-A9A9-9183BE65535B}"
EndProject
Project("{9A19103F-16F7-4668-BE54-9A1E7A4F7556}") = "YoutubeChannelDownloader", "YoutubeChannelDownloader\YoutubeChannelDownloader.csproj", "{13286DDC-2C57-4EED-9C25-2E6B0B8E8EFF}"
EndProject
Project("{FAE04EC0-301F-11D3-BF4B-00C04F79EFBC}") = "RandomFromFile", "RandomFromFile\RandomFromFile.csproj", "{5186FE82-DBD8-40D9-A3E5-0FEB2410D9E1}"
EndProject
Project("{FAE04EC0-301F-11D3-BF4B-00C04F79EFBC}") = "YoutubeChannelDownloader.Tests", "YoutubeChannelDownloader.Tests\YoutubeChannelDownloader.Tests.csproj", "{347B4FBC-A5D8-452E-A05D-665886878655}"
EndProject
Global
	GlobalSection(SolutionConfigurationPlatforms) = preSolution
		Debug|Any CPU = Debug|Any CPU
		Release|Any CPU = Release|Any CPU
	EndGlobalSection
	GlobalSection(ProjectConfigurationPlatforms) = postSolution
		{608D9194-0E0C-4E78-83CA-4CF63BD0F978}.Debug|Any CPU.ActiveCfg = Debug|Any CPU
		{608D9194-0E0C-4E78-83CA-4CF63BD0F978}.Debug|Any CPU.Build.0 = Debug|Any CPU
		{608D9194-0E0C-4E78-83CA-4CF63BD0F978}.Release|Any CPU.ActiveCfg = Release|Any CPU
		{608D9194-0E0C-4E78-83CA-4CF63BD0F978}.Release|Any CPU.Build.0 = Release|Any CPU
		{739B265C-90FF-45C4-A9A9-9183BE65535B}.Debug|Any CPU.ActiveCfg = Debug|Any CPU
		{739B265C-90FF-45C4-A9A9-9183BE65535B}.Debug|Any CPU.Build.0 = Debug|Any CPU
		{739B265C-90FF-45C4-A9A9-9183BE65535B}.Release|Any CPU.ActiveCfg = Release|Any CPU
		{739B265C-90FF-45C4-A9A9-9183BE65535B}.Release|Any CPU.Build.0 = Release|Any CPU
		{13286DDC-2C57-4EED-9C25-2E6B0B8E8EFF}.Debug|Any CPU.ActiveCfg = Debug|Any CPU
		{13286DDC-2C57-4EED-9C25-2E6B0B8E8EFF}.Debug|Any CPU.Build.0 = Debug|Any CPU
		{13286DDC-2C57-4EED-9C25-2E6B0B8E8EFF}.Release|Any CPU.ActiveCfg = Release|Any CPU
		{13286DDC-2C57-4EED-9C25-2E6B0B8E8EFF}.Release|Any CPU.Build.0 = Release|Any CPU
		{5186FE82-DBD8-40D9-A3E5-0FEB2410D9E1}.Debug|Any CPU.ActiveCfg = Debug|Any CPU
		{5186FE82-DBD8-40D9-A3E5-0FEB2410D9E1}.Debug|Any CPU.Build.0 = Debug|Any CPU
		{5186FE82-DBD8-40D9-A3E5-0FEB2410D9E1}.Release|Any CPU.ActiveCfg = Release|Any CPU
		{5186FE82-DBD8-40D9-A3E5-0FEB2410D9E1}.Release|Any CPU.Build.0 = Release|Any CPU
		{347B4FBC-A5D8-452E-A05D-665886878655}.Debug|Any CPU.ActiveCfg = Debug|Any CPU
		{347B4FBC-A5D8-452E-A05D-665886878655}.Debug|Any CPU.Build.0 = Debug|Any CPU
		{347B4FBC-A5D8-452E-A05D-665886878655}.Release|Any CPU.ActiveCfg = Release|Any CPU
		{347B4FBC-A5D8-452E-A05D-665886878655}.Release|Any CPU.Build.0 = Release|Any CPU
	EndGlobalSection
	GlobalSection(SolutionProperties) = preSolution
		HideSolutionNode = FALSE
	EndGlobalSection
	GlobalSection(ExtensibilityGlobals) = postSolution
		SolutionGuid = {D93C1CAA-40E2-44D0-8FC0-6AB8321CB4BE}
	EndGlobalSection
EndGlobal
